
Microsoft Visual Studio Solution File, Format Version 12.00
# Visual Studio Version 17
VisualStudioVersion = 17.5.33530.505
MinimumVisualStudioVersion = 10.0.40219.1
Project("{FAE04EC0-301F-11D3-BF4B-00C04F79EFBC}") = "HotelListing.API", "HotelListing.API\HotelListing.API.csproj", "{00AAE417-E216-4EFE-B18E-EBA435086676}"
EndProject
Global
	GlobalSection(SolutionConfigurationPlatforms) = preSolution
		Debug|Any CPU = Debug|Any CPU
		Release|Any CPU = Release|Any CPU
	EndGlobalSection
	GlobalSection(ProjectConfigurationPlatforms) = postSolution
		{00AAE417-E216-4EFE-B18E-EBA435086676}.Debug|Any CPU.ActiveCfg = Debug|Any CPU
		{00AAE417-E216-4EFE-B18E-EBA435086676}.Debug|Any CPU.Build.0 = Debug|Any CPU
		{00AAE417-E216-4EFE-B18E-EBA435086676}.Release|Any CPU.ActiveCfg = Release|Any CPU
		{00AAE417-E216-4EFE-B18E-EBA435086676}.Release|Any CPU.Build.0 = Release|Any CPU
	EndGlobalSection
	GlobalSection(SolutionProperties) = preSolution
		HideSolutionNode = FALSE
	EndGlobalSection
	GlobalSection(ExtensibilityGlobals) = postSolution
		SolutionGuid = {C3C2A8C1-3347-4A88-AE5B-7D06EE4E87AD}
	EndGlobalSection
EndGlobal
